
Microsoft Visual Studio Solution File, Format Version 11.00
# Visual Studio 2010
Project("{FAE04EC0-301F-11D3-BF4B-00C04F79EFBC}") = "XamarinStarter", "XamarinStarter\XamarinStarter.csproj", "{17BF98A7-0522-4356-B44E-E897AF243B2E}"
EndProject
Global
	GlobalSection(SolutionConfigurationPlatforms) = preSolution
		Debug|Any CPU = Debug|Any CPU
		Release|Any CPU = Release|Any CPU
	EndGlobalSection
	GlobalSection(ProjectConfigurationPlatforms) = postSolution
		{17BF98A7-0522-4356-B44E-E897AF243B2E}.Debug|Any CPU.ActiveCfg = Debug|Any CPU
		{17BF98A7-0522-4356-B44E-E897AF243B2E}.Debug|Any CPU.Build.0 = Debug|Any CPU
		{17BF98A7-0522-4356-B44E-E897AF243B2E}.Release|Any CPU.ActiveCfg = Release|Any CPU
		{17BF98A7-0522-4356-B44E-E897AF243B2E}.Release|Any CPU.Build.0 = Release|Any CPU
	EndGlobalSection
	GlobalSection(MonoDevelopProperties) = preSolution
		StartupItem = XamarinStarter\XamarinStarter.csproj
	EndGlobalSection
EndGlobal
